
Microsoft Visual Studio Solution File, Format Version 12.00
# Visual Studio 15
VisualStudioVersion = 15.0.28307.1231
MinimumVisualStudioVersion = 10.0.40219.1
Project("{FAE04EC0-301F-11D3-BF4B-00C04F79EFBC}") = "HelloWorld", "HelloWorld\HelloWorld.csproj", "{3D1B76D0-9022-4793-A5F9-7AFF0EF9ADEE}"
EndProject
Global
	GlobalSection(SolutionConfigurationPlatforms) = preSolution
		Debug|Any CPU = Debug|Any CPU
		Release|Any CPU = Release|Any CPU
	EndGlobalSection
	GlobalSection(ProjectConfigurationPlatforms) = postSolution
		{3D1B76D0-9022-4793-A5F9-7AFF0EF9ADEE}.Debug|Any CPU.ActiveCfg = Debug|Any CPU
		{3D1B76D0-9022-4793-A5F9-7AFF0EF9ADEE}.Debug|Any CPU.Build.0 = Debug|Any CPU
		{3D1B76D0-9022-4793-A5F9-7AFF0EF9ADEE}.Release|Any CPU.ActiveCfg = Release|Any CPU
		{3D1B76D0-9022-4793-A5F9-7AFF0EF9ADEE}.Release|Any CPU.Build.0 = Release|Any CPU
	EndGlobalSection
	GlobalSection(SolutionProperties) = preSolution
		HideSolutionNode = FALSE
	EndGlobalSection
	GlobalSection(ExtensibilityGlobals) = postSolution
		SolutionGuid = {4870A737-F8B1-4754-A314-349E595CBCE2}
	EndGlobalSection
EndGlobal
